// !$*UTF8*$!
{
	archiveVersion = 1;
	classes = {
	};
	objectVersion = 46;
	objects = {

/* Begin PBXBuildFile section */
		0C371508E5E4CA731BDF466C /* Pods_TinCan_Chat.framework in Frameworks */ = {isa = PBXBuildFile; fileRef = BE0D5A5F62FEEA5DB0B8FA71 /* Pods_TinCan_Chat.framework */; };
		BE277BE21D0B780D00288067 /* SettingViewController.swift in Sources */ = {isa = PBXBuildFile; fileRef = BE277BE11D0B780D00288067 /* SettingViewController.swift */; };
		BE45354E1D0E77090042E28D /* ConvenientView.swift in Sources */ = {isa = PBXBuildFile; fileRef = BE45354D1D0E77090042E28D /* ConvenientView.swift */; };
		BE4F0AEC1DAD876F002027D0 /* MCMangerExtension.swift in Sources */ = {isa = PBXBuildFile; fileRef = BE4F0AEB1DAD876F002027D0 /* MCMangerExtension.swift */; };
		BE4F0AEE1DADA85A002027D0 /* InvitationView.xib in Resources */ = {isa = PBXBuildFile; fileRef = BE4F0AED1DADA85A002027D0 /* InvitationView.xib */; };
		BE4F0AF01DADA88A002027D0 /* InvitationView.swift in Sources */ = {isa = PBXBuildFile; fileRef = BE4F0AEF1DADA88A002027D0 /* InvitationView.swift */; };
		BE83D8491D0F59E200C4532B /* ChatViewController.swift in Sources */ = {isa = PBXBuildFile; fileRef = BE83D8481D0F59E200C4532B /* ChatViewController.swift */; };
		BE83D84B1D0F5CEE00C4532B /* ChatSentMessageCell.swift in Sources */ = {isa = PBXBuildFile; fileRef = BE83D84A1D0F5CEE00C4532B /* ChatSentMessageCell.swift */; };
		BE83D84D1D0F5D1300C4532B /* ChatReceivedMessageCell.swift in Sources */ = {isa = PBXBuildFile; fileRef = BE83D84C1D0F5D1300C4532B /* ChatReceivedMessageCell.swift */; };
		BE83D84F1D0F62C300C4532B /* KeyboardConfig.swift in Sources */ = {isa = PBXBuildFile; fileRef = BE83D84E1D0F62C300C4532B /* KeyboardConfig.swift */; };
		BE9B645A1DAED702009739EE /* ChatRecordCoreDataExtension.swift in Sources */ = {isa = PBXBuildFile; fileRef = BE9B64591DAED702009739EE /* ChatRecordCoreDataExtension.swift */; };
		BE9B645C1DAEE274009739EE /* ChatRecordTableViewExtension.swift in Sources */ = {isa = PBXBuildFile; fileRef = BE9B645B1DAEE274009739EE /* ChatRecordTableViewExtension.swift */; };
		BE9B64601DAEF902009739EE /* BrowserTableExtension.swift in Sources */ = {isa = PBXBuildFile; fileRef = BE9B645F1DAEF902009739EE /* BrowserTableExtension.swift */; };
		BEA682F01DB734D4009CA81E /* MCStoredValue.swift in Sources */ = {isa = PBXBuildFile; fileRef = BEA682EF1DB734D4009CA81E /* MCStoredValue.swift */; };
		BEB77CC61D0B74F600281E21 /* AppDelegate.swift in Sources */ = {isa = PBXBuildFile; fileRef = BEB77CC51D0B74F600281E21 /* AppDelegate.swift */; };
		BEB77CCD1D0B74F600281E21 /* Main.storyboard in Resources */ = {isa = PBXBuildFile; fileRef = BEB77CCB1D0B74F600281E21 /* Main.storyboard */; };
		BEB77CCF1D0B74F600281E21 /* Assets.xcassets in Resources */ = {isa = PBXBuildFile; fileRef = BEB77CCE1D0B74F600281E21 /* Assets.xcassets */; };
		BEB77CD21D0B74F600281E21 /* LaunchScreen.storyboard in Resources */ = {isa = PBXBuildFile; fileRef = BEB77CD01D0B74F600281E21 /* LaunchScreen.storyboard */; };
		BEB77CDD1D0B74F600281E21 /* TinCan_ChatTests.swift in Sources */ = {isa = PBXBuildFile; fileRef = BEB77CDC1D0B74F600281E21 /* TinCan_ChatTests.swift */; };
		BEB77CE81D0B74F600281E21 /* TinCan_ChatUITests.swift in Sources */ = {isa = PBXBuildFile; fileRef = BEB77CE71D0B74F600281E21 /* TinCan_ChatUITests.swift */; };
		BEB8E3A51D0D168E00ED0A15 /* ChatRecordViewController.swift in Sources */ = {isa = PBXBuildFile; fileRef = BEB8E3A41D0D168E00ED0A15 /* ChatRecordViewController.swift */; };
		BEB8E3A71D0D187F00ED0A15 /* BrowserViewController.swift in Sources */ = {isa = PBXBuildFile; fileRef = BEB8E3A61D0D187F00ED0A15 /* BrowserViewController.swift */; };
		BEB8E3AC1D0D1A2A00ED0A15 /* ChatPeer.swift in Sources */ = {isa = PBXBuildFile; fileRef = BEB8E3AB1D0D1A2A00ED0A15 /* ChatPeer.swift */; };
		BEB8E3AE1D0D1A3A00ED0A15 /* ChatMessage.swift in Sources */ = {isa = PBXBuildFile; fileRef = BEB8E3AD1D0D1A3A00ED0A15 /* ChatMessage.swift */; };
		BEB8E3B11D0D1A5000ED0A15 /* Model.xcdatamodeld in Sources */ = {isa = PBXBuildFile; fileRef = BEB8E3AF1D0D1A5000ED0A15 /* Model.xcdatamodeld */; };
		BEB8E3B31D0D1C0700ED0A15 /* CoreDataStackManager.swift in Sources */ = {isa = PBXBuildFile; fileRef = BEB8E3B21D0D1C0700ED0A15 /* CoreDataStackManager.swift */; };
		BEB8E3B51D0D1FF700ED0A15 /* MCManager.swift in Sources */ = {isa = PBXBuildFile; fileRef = BEB8E3B41D0D1FF700ED0A15 /* MCManager.swift */; };
		BEE68EC31D0D329F00ECD89F /* PeerCell.swift in Sources */ = {isa = PBXBuildFile; fileRef = BEE68EC21D0D329F00ECD89F /* PeerCell.swift */; };
		BEEF60BB1D1CBB9E0094AF49 /* JSQChatViewController.swift in Sources */ = {isa = PBXBuildFile; fileRef = BEEF60BA1D1CBB9E0094AF49 /* JSQChatViewController.swift */; };
/* End PBXBuildFile section */

/* Begin PBXContainerItemProxy section */
		BEB77CD91D0B74F600281E21 /* PBXContainerItemProxy */ = {
			isa = PBXContainerItemProxy;
			containerPortal = BEB77CBA1D0B74F600281E21 /* Project object */;
			proxyType = 1;
			remoteGlobalIDString = BEB77CC11D0B74F600281E21;
			remoteInfo = "TinCan Chat";
		};
		BEB77CE41D0B74F600281E21 /* PBXContainerItemProxy */ = {
			isa = PBXContainerItemProxy;
			containerPortal = BEB77CBA1D0B74F600281E21 /* Project object */;
			proxyType = 1;
			remoteGlobalIDString = BEB77CC11D0B74F600281E21;
			remoteInfo = "TinCan Chat";
		};
/* End PBXContainerItemProxy section */

/* Begin PBXFileReference section */
		038E75728C47D7251F9B4A90 /* Pods-TinCan Chat.release.xcconfig */ = {isa = PBXFileReference; includeInIndex = 1; lastKnownFileType = text.xcconfig; name = "Pods-TinCan Chat.release.xcconfig"; path = "Pods/Target Support Files/Pods-TinCan Chat/Pods-TinCan Chat.release.xcconfig"; sourceTree = "<group>"; };
		1065B5ABDD51EB6E235B0A37 /* Pods_TinCan_ChatTests.framework */ = {isa = PBXFileReference; explicitFileType = wrapper.framework; includeInIndex = 0; path = Pods_TinCan_ChatTests.framework; sourceTree = BUILT_PRODUCTS_DIR; };
		12518B647D99FAF0E3D1D864 /* Pods-TinCan Chat.debug.xcconfig */ = {isa = PBXFileReference; includeInIndex = 1; lastKnownFileType = text.xcconfig; name = "Pods-TinCan Chat.debug.xcconfig"; path = "Pods/Target Support Files/Pods-TinCan Chat/Pods-TinCan Chat.debug.xcconfig"; sourceTree = "<group>"; };
		54827D5A9E1D937D92CEB645 /* Pods_TinCan_ChatUITests.framework */ = {isa = PBXFileReference; explicitFileType = wrapper.framework; includeInIndex = 0; path = Pods_TinCan_ChatUITests.framework; sourceTree = BUILT_PRODUCTS_DIR; };
		BE0D5A5F62FEEA5DB0B8FA71 /* Pods_TinCan_Chat.framework */ = {isa = PBXFileReference; explicitFileType = wrapper.framework; includeInIndex = 0; path = Pods_TinCan_Chat.framework; sourceTree = BUILT_PRODUCTS_DIR; };
		BE277BE11D0B780D00288067 /* SettingViewController.swift */ = {isa = PBXFileReference; fileEncoding = 4; lastKnownFileType = sourcecode.swift; path = SettingViewController.swift; sourceTree = "<group>"; };
		BE45354D1D0E77090042E28D /* ConvenientView.swift */ = {isa = PBXFileReference; fileEncoding = 4; lastKnownFileType = sourcecode.swift; path = ConvenientView.swift; sourceTree = "<group>"; };
		BE4F0AEB1DAD876F002027D0 /* MCMangerExtension.swift */ = {isa = PBXFileReference; fileEncoding = 4; lastKnownFileType = sourcecode.swift; path = MCMangerExtension.swift; sourceTree = "<group>"; };
		BE4F0AED1DADA85A002027D0 /* InvitationView.xib */ = {isa = PBXFileReference; fileEncoding = 4; lastKnownFileType = file.xib; path = InvitationView.xib; sourceTree = "<group>"; };
		BE4F0AEF1DADA88A002027D0 /* InvitationView.swift */ = {isa = PBXFileReference; fileEncoding = 4; lastKnownFileType = sourcecode.swift; path = InvitationView.swift; sourceTree = "<group>"; };
		BE83D8481D0F59E200C4532B /* ChatViewController.swift */ = {isa = PBXFileReference; fileEncoding = 4; lastKnownFileType = sourcecode.swift; path = ChatViewController.swift; sourceTree = "<group>"; };
		BE83D84A1D0F5CEE00C4532B /* ChatSentMessageCell.swift */ = {isa = PBXFileReference; fileEncoding = 4; lastKnownFileType = sourcecode.swift; path = ChatSentMessageCell.swift; sourceTree = "<group>"; };
		BE83D84C1D0F5D1300C4532B /* ChatReceivedMessageCell.swift */ = {isa = PBXFileReference; fileEncoding = 4; lastKnownFileType = sourcecode.swift; path = ChatReceivedMessageCell.swift; sourceTree = "<group>"; };
		BE83D84E1D0F62C300C4532B /* KeyboardConfig.swift */ = {isa = PBXFileReference; fileEncoding = 4; lastKnownFileType = sourcecode.swift; path = KeyboardConfig.swift; sourceTree = "<group>"; };
		BE9B64591DAED702009739EE /* ChatRecordCoreDataExtension.swift */ = {isa = PBXFileReference; fileEncoding = 4; lastKnownFileType = sourcecode.swift; path = ChatRecordCoreDataExtension.swift; sourceTree = "<group>"; };
		BE9B645B1DAEE274009739EE /* ChatRecordTableViewExtension.swift */ = {isa = PBXFileReference; fileEncoding = 4; lastKnownFileType = sourcecode.swift; path = ChatRecordTableViewExtension.swift; sourceTree = "<group>"; };
		BE9B645F1DAEF902009739EE /* BrowserTableExtension.swift */ = {isa = PBXFileReference; fileEncoding = 4; lastKnownFileType = sourcecode.swift; path = BrowserTableExtension.swift; sourceTree = "<group>"; };
		BEA682EF1DB734D4009CA81E /* MCStoredValue.swift */ = {isa = PBXFileReference; fileEncoding = 4; lastKnownFileType = sourcecode.swift; path = MCStoredValue.swift; sourceTree = "<group>"; };
		BEB77CC21D0B74F600281E21 /* TinCan Chat.app */ = {isa = PBXFileReference; explicitFileType = wrapper.application; includeInIndex = 0; path = "TinCan Chat.app"; sourceTree = BUILT_PRODUCTS_DIR; };
		BEB77CC51D0B74F600281E21 /* AppDelegate.swift */ = {isa = PBXFileReference; lastKnownFileType = sourcecode.swift; path = AppDelegate.swift; sourceTree = "<group>"; };
		BEB77CCC1D0B74F600281E21 /* Base */ = {isa = PBXFileReference; lastKnownFileType = file.storyboard; name = Base; path = Base.lproj/Main.storyboard; sourceTree = "<group>"; };
		BEB77CCE1D0B74F600281E21 /* Assets.xcassets */ = {isa = PBXFileReference; lastKnownFileType = folder.assetcatalog; path = Assets.xcassets; sourceTree = "<group>"; };
		BEB77CD11D0B74F600281E21 /* Base */ = {isa = PBXFileReference; lastKnownFileType = file.storyboard; name = Base; path = Base.lproj/LaunchScreen.storyboard; sourceTree = "<group>"; };
		BEB77CD31D0B74F600281E21 /* Info.plist */ = {isa = PBXFileReference; lastKnownFileType = text.plist.xml; path = Info.plist; sourceTree = "<group>"; };
		BEB77CD81D0B74F600281E21 /* TinCan ChatTests.xctest */ = {isa = PBXFileReference; explicitFileType = wrapper.cfbundle; includeInIndex = 0; path = "TinCan ChatTests.xctest"; sourceTree = BUILT_PRODUCTS_DIR; };
		BEB77CDC1D0B74F600281E21 /* TinCan_ChatTests.swift */ = {isa = PBXFileReference; lastKnownFileType = sourcecode.swift; path = TinCan_ChatTests.swift; sourceTree = "<group>"; };
		BEB77CDE1D0B74F600281E21 /* Info.plist */ = {isa = PBXFileReference; lastKnownFileType = text.plist.xml; path = Info.plist; sourceTree = "<group>"; };
		BEB77CE31D0B74F600281E21 /* TinCan ChatUITests.xctest */ = {isa = PBXFileReference; explicitFileType = wrapper.cfbundle; includeInIndex = 0; path = "TinCan ChatUITests.xctest"; sourceTree = BUILT_PRODUCTS_DIR; };
		BEB77CE71D0B74F600281E21 /* TinCan_ChatUITests.swift */ = {isa = PBXFileReference; lastKnownFileType = sourcecode.swift; path = TinCan_ChatUITests.swift; sourceTree = "<group>"; };
		BEB77CE91D0B74F600281E21 /* Info.plist */ = {isa = PBXFileReference; lastKnownFileType = text.plist.xml; path = Info.plist; sourceTree = "<group>"; };
		BEB8E3A41D0D168E00ED0A15 /* ChatRecordViewController.swift */ = {isa = PBXFileReference; fileEncoding = 4; lastKnownFileType = sourcecode.swift; path = ChatRecordViewController.swift; sourceTree = "<group>"; };
		BEB8E3A61D0D187F00ED0A15 /* BrowserViewController.swift */ = {isa = PBXFileReference; fileEncoding = 4; lastKnownFileType = sourcecode.swift; path = BrowserViewController.swift; sourceTree = "<group>"; };
		BEB8E3AB1D0D1A2A00ED0A15 /* ChatPeer.swift */ = {isa = PBXFileReference; fileEncoding = 4; lastKnownFileType = sourcecode.swift; path = ChatPeer.swift; sourceTree = "<group>"; };
		BEB8E3AD1D0D1A3A00ED0A15 /* ChatMessage.swift */ = {isa = PBXFileReference; fileEncoding = 4; lastKnownFileType = sourcecode.swift; path = ChatMessage.swift; sourceTree = "<group>"; };
		BEB8E3B01D0D1A5000ED0A15 /* Model.xcdatamodel */ = {isa = PBXFileReference; lastKnownFileType = wrapper.xcdatamodel; path = Model.xcdatamodel; sourceTree = "<group>"; };
		BEB8E3B21D0D1C0700ED0A15 /* CoreDataStackManager.swift */ = {isa = PBXFileReference; fileEncoding = 4; lastKnownFileType = sourcecode.swift; path = CoreDataStackManager.swift; sourceTree = "<group>"; };
		BEB8E3B41D0D1FF700ED0A15 /* MCManager.swift */ = {isa = PBXFileReference; fileEncoding = 4; lastKnownFileType = sourcecode.swift; path = MCManager.swift; sourceTree = "<group>"; };
		BEE68EC21D0D329F00ECD89F /* PeerCell.swift */ = {isa = PBXFileReference; fileEncoding = 4; lastKnownFileType = sourcecode.swift; path = PeerCell.swift; sourceTree = "<group>"; };
		BEEF60BA1D1CBB9E0094AF49 /* JSQChatViewController.swift */ = {isa = PBXFileReference; fileEncoding = 4; lastKnownFileType = sourcecode.swift; path = JSQChatViewController.swift; sourceTree = "<group>"; };
		BEEF60BD1D1CC0280094AF49 /* JSQMessagesViewController.framework */ = {isa = PBXFileReference; lastKnownFileType = wrapper.framework; name = JSQMessagesViewController.framework; path = "../../../Library/Developer/Xcode/DerivedData/TinCan_Chat-ehphqzicenvsnlbosfhlrwtbajsp/Build/Products/Debug-iphonesimulator/JSQMessagesViewController/JSQMessagesViewController.framework"; sourceTree = "<group>"; };
		BEEF60BF1D1CC02D0094AF49 /* JSQSystemSoundPlayer.framework */ = {isa = PBXFileReference; lastKnownFileType = wrapper.framework; name = JSQSystemSoundPlayer.framework; path = "../../../Library/Developer/Xcode/DerivedData/TinCan_Chat-ehphqzicenvsnlbosfhlrwtbajsp/Build/Products/Debug-iphonesimulator/JSQSystemSoundPlayer/JSQSystemSoundPlayer.framework"; sourceTree = "<group>"; };
/* End PBXFileReference section */

/* Begin PBXFrameworksBuildPhase section */
		BEB77CBF1D0B74F600281E21 /* Frameworks */ = {
			isa = PBXFrameworksBuildPhase;
			buildActionMask = 2147483647;
			files = (
				0C371508E5E4CA731BDF466C /* Pods_TinCan_Chat.framework in Frameworks */,
			);
			runOnlyForDeploymentPostprocessing = 0;
		};
		BEB77CD51D0B74F600281E21 /* Frameworks */ = {
			isa = PBXFrameworksBuildPhase;
			buildActionMask = 2147483647;
			files = (
			);
			runOnlyForDeploymentPostprocessing = 0;
		};
		BEB77CE01D0B74F600281E21 /* Frameworks */ = {
			isa = PBXFrameworksBuildPhase;
			buildActionMask = 2147483647;
			files = (
			);
			runOnlyForDeploymentPostprocessing = 0;
		};
/* End PBXFrameworksBuildPhase section */

/* Begin PBXGroup section */
		5D80F4DAE7865375DB5ED773 /* Frameworks */ = {
			isa = PBXGroup;
			children = (
				BEEF60BF1D1CC02D0094AF49 /* JSQSystemSoundPlayer.framework */,
				BEEF60BD1D1CC0280094AF49 /* JSQMessagesViewController.framework */,
				BE0D5A5F62FEEA5DB0B8FA71 /* Pods_TinCan_Chat.framework */,
				1065B5ABDD51EB6E235B0A37 /* Pods_TinCan_ChatTests.framework */,
				54827D5A9E1D937D92CEB645 /* Pods_TinCan_ChatUITests.framework */,
			);
			name = Frameworks;
			sourceTree = "<group>";
		};
		BE62AE091D10CB8000C33FE7 /* CustomCell */ = {
			isa = PBXGroup;
			children = (
				BEE68EC21D0D329F00ECD89F /* PeerCell.swift */,
				BE83D84A1D0F5CEE00C4532B /* ChatSentMessageCell.swift */,
				BE83D84C1D0F5D1300C4532B /* ChatReceivedMessageCell.swift */,
			);
			name = CustomCell;
			sourceTree = "<group>";
		};
		BEB3F81851251A7FFF007515 /* Pods */ = {
			isa = PBXGroup;
			children = (
				12518B647D99FAF0E3D1D864 /* Pods-TinCan Chat.debug.xcconfig */,
				038E75728C47D7251F9B4A90 /* Pods-TinCan Chat.release.xcconfig */,
			);
			name = Pods;
			sourceTree = "<group>";
		};
		BEB77CB91D0B74F600281E21 = {
			isa = PBXGroup;
			children = (
				BEB77CC41D0B74F600281E21 /* TinCan Chat */,
				BEB77CDB1D0B74F600281E21 /* TinCan ChatTests */,
				BEB77CE61D0B74F600281E21 /* TinCan ChatUITests */,
				BEB77CC31D0B74F600281E21 /* Products */,
				BEB3F81851251A7FFF007515 /* Pods */,
				5D80F4DAE7865375DB5ED773 /* Frameworks */,
			);
			sourceTree = "<group>";
		};
		BEB77CC31D0B74F600281E21 /* Products */ = {
			isa = PBXGroup;
			children = (
				BEB77CC21D0B74F600281E21 /* TinCan Chat.app */,
				BEB77CD81D0B74F600281E21 /* TinCan ChatTests.xctest */,
				BEB77CE31D0B74F600281E21 /* TinCan ChatUITests.xctest */,
			);
			name = Products;
			sourceTree = "<group>";
		};
		BEB77CC41D0B74F600281E21 /* TinCan Chat */ = {
			isa = PBXGroup;
			children = (
				BEC061C81D939E5F0061774B /* Model */,
				BEC155B21E74DEB200A587AA /* View */,
				BEC155B11E74DE8600A587AA /* Controller */,
				BEB77CCB1D0B74F600281E21 /* Main.storyboard */,
				BEB77CD01D0B74F600281E21 /* LaunchScreen.storyboard */,
				BEB77CD31D0B74F600281E21 /* Info.plist */,
				BEB77CCE1D0B74F600281E21 /* Assets.xcassets */,
				BE62AE091D10CB8000C33FE7 /* CustomCell */,
			);
			path = "TinCan Chat";
			sourceTree = "<group>";
		};
		BEB77CDB1D0B74F600281E21 /* TinCan ChatTests */ = {
			isa = PBXGroup;
			children = (
				BEB77CDC1D0B74F600281E21 /* TinCan_ChatTests.swift */,
				BEB77CDE1D0B74F600281E21 /* Info.plist */,
			);
			path = "TinCan ChatTests";
			sourceTree = "<group>";
		};
		BEB77CE61D0B74F600281E21 /* TinCan ChatUITests */ = {
			isa = PBXGroup;
			children = (
				BEB77CE71D0B74F600281E21 /* TinCan_ChatUITests.swift */,
				BEB77CE91D0B74F600281E21 /* Info.plist */,
			);
			path = "TinCan ChatUITests";
			sourceTree = "<group>";
		};
		BEB8E3AA1D0D1A1700ED0A15 /* CoreData */ = {
			isa = PBXGroup;
			children = (
				BEB8E3AB1D0D1A2A00ED0A15 /* ChatPeer.swift */,
				BEB8E3AD1D0D1A3A00ED0A15 /* ChatMessage.swift */,
				BEB8E3B21D0D1C0700ED0A15 /* CoreDataStackManager.swift */,
				BEB8E3AF1D0D1A5000ED0A15 /* Model.xcdatamodeld */,
			);
			name = CoreData;
			sourceTree = "<group>";
		};
		BEC061C81D939E5F0061774B /* Model */ = {
			isa = PBXGroup;
			children = (
				BEB8E3AA1D0D1A1700ED0A15 /* CoreData */,
				BEB77CC51D0B74F600281E21 /* AppDelegate.swift */,
				BEB8E3B41D0D1FF700ED0A15 /* MCManager.swift */,
				BE4F0AEB1DAD876F002027D0 /* MCMangerExtension.swift */,
				BEA682EF1DB734D4009CA81E /* MCStoredValue.swift */,
			);
			name = Model;
			sourceTree = "<group>";
		};
		BEC155B11E74DE8600A587AA /* Controller */ = {
			isa = PBXGroup;
			children = (
				BEB8E3A41D0D168E00ED0A15 /* ChatRecordViewController.swift */,
				BE9B645B1DAEE274009739EE /* ChatRecordTableViewExtension.swift */,
				BE9B64591DAED702009739EE /* ChatRecordCoreDataExtension.swift */,
				BEB8E3A61D0D187F00ED0A15 /* BrowserViewController.swift */,
				BE9B645F1DAEF902009739EE /* BrowserTableExtension.swift */,
				BE83D8481D0F59E200C4532B /* ChatViewController.swift */,
				BEEF60BA1D1CBB9E0094AF49 /* JSQChatViewController.swift */,
			);
			name = Controller;
			sourceTree = "<group>";
		};
		BEC155B21E74DEB200A587AA /* View */ = {
			isa = PBXGroup;
			children = (
				BE83D84E1D0F62C300C4532B /* KeyboardConfig.swift */,
				BE277BE11D0B780D00288067 /* SettingViewController.swift */,
				BE45354D1D0E77090042E28D /* ConvenientView.swift */,
				BE4F0AED1DADA85A002027D0 /* InvitationView.xib */,
				BE4F0AEF1DADA88A002027D0 /* InvitationView.swift */,
			);
			name = View;
			sourceTree = "<group>";
		};
/* End PBXGroup section */

/* Begin PBXNativeTarget section */
		BEB77CC11D0B74F600281E21 /* TinCan Chat */ = {
			isa = PBXNativeTarget;
			buildConfigurationList = BEB77CEC1D0B74F600281E21 /* Build configuration list for PBXNativeTarget "TinCan Chat" */;
			buildPhases = (
				C75A3B82F2F79FA4EB11EA1C /* [CP] Check Pods Manifest.lock */,
				BEB77CBE1D0B74F600281E21 /* Sources */,
				BEB77CBF1D0B74F600281E21 /* Frameworks */,
				BEB77CC01D0B74F600281E21 /* Resources */,
				73017055207677F17F3701B1 /* [CP] Embed Pods Frameworks */,
				C128C85E84A0B1BDD63A317E /* [CP] Copy Pods Resources */,
			);
			buildRules = (
			);
			dependencies = (
			);
			name = "TinCan Chat";
			productName = "TinCan Chat";
			productReference = BEB77CC21D0B74F600281E21 /* TinCan Chat.app */;
			productType = "com.apple.product-type.application";
		};
		BEB77CD71D0B74F600281E21 /* TinCan ChatTests */ = {
			isa = PBXNativeTarget;
			buildConfigurationList = BEB77CEF1D0B74F600281E21 /* Build configuration list for PBXNativeTarget "TinCan ChatTests" */;
			buildPhases = (
				BEB77CD41D0B74F600281E21 /* Sources */,
				BEB77CD51D0B74F600281E21 /* Frameworks */,
				BEB77CD61D0B74F600281E21 /* Resources */,
			);
			buildRules = (
			);
			dependencies = (
				BEB77CDA1D0B74F600281E21 /* PBXTargetDependency */,
			);
			name = "TinCan ChatTests";
			productName = "TinCan ChatTests";
			productReference = BEB77CD81D0B74F600281E21 /* TinCan ChatTests.xctest */;
			productType = "com.apple.product-type.bundle.unit-test";
		};
		BEB77CE21D0B74F600281E21 /* TinCan ChatUITests */ = {
			isa = PBXNativeTarget;
			buildConfigurationList = BEB77CF21D0B74F600281E21 /* Build configuration list for PBXNativeTarget "TinCan ChatUITests" */;
			buildPhases = (
				BEB77CDF1D0B74F600281E21 /* Sources */,
				BEB77CE01D0B74F600281E21 /* Frameworks */,
				BEB77CE11D0B74F600281E21 /* Resources */,
			);
			buildRules = (
			);
			dependencies = (
				BEB77CE51D0B74F600281E21 /* PBXTargetDependency */,
			);
			name = "TinCan ChatUITests";
			productName = "TinCan ChatUITests";
			productReference = BEB77CE31D0B74F600281E21 /* TinCan ChatUITests.xctest */;
			productType = "com.apple.product-type.bundle.ui-testing";
		};
/* End PBXNativeTarget section */

/* Begin PBXProject section */
		BEB77CBA1D0B74F600281E21 /* Project object */ = {
			isa = PBXProject;
			attributes = {
				LastSwiftUpdateCheck = 0730;
				LastUpgradeCheck = 0800;
				ORGANIZATIONNAME = "Li Yin";
				TargetAttributes = {
					BEB77CC11D0B74F600281E21 = {
						CreatedOnToolsVersion = 7.3.1;
						DevelopmentTeam = SAA638NJ7Q;
						LastSwiftMigration = 0800;
					};
					BEB77CD71D0B74F600281E21 = {
						CreatedOnToolsVersion = 7.3.1;
						LastSwiftMigration = 0800;
						TestTargetID = BEB77CC11D0B74F600281E21;
					};
					BEB77CE21D0B74F600281E21 = {
						CreatedOnToolsVersion = 7.3.1;
						LastSwiftMigration = 0800;
						TestTargetID = BEB77CC11D0B74F600281E21;
					};
				};
			};
			buildConfigurationList = BEB77CBD1D0B74F600281E21 /* Build configuration list for PBXProject "TinCan Chat" */;
			compatibilityVersion = "Xcode 3.2";
			developmentRegion = English;
			hasScannedForEncodings = 0;
			knownRegions = (
				en,
				Base,
			);
			mainGroup = BEB77CB91D0B74F600281E21;
			productRefGroup = BEB77CC31D0B74F600281E21 /* Products */;
			projectDirPath = "";
			projectRoot = "";
			targets = (
				BEB77CC11D0B74F600281E21 /* TinCan Chat */,
				BEB77CD71D0B74F600281E21 /* TinCan ChatTests */,
				BEB77CE21D0B74F600281E21 /* TinCan ChatUITests */,
			);
		};
/* End PBXProject section */

/* Begin PBXResourcesBuildPhase section */
		BEB77CC01D0B74F600281E21 /* Resources */ = {
			isa = PBXResourcesBuildPhase;
			buildActionMask = 2147483647;
			files = (
				BEB77CD21D0B74F600281E21 /* LaunchScreen.storyboard in Resources */,
				BEB77CCF1D0B74F600281E21 /* Assets.xcassets in Resources */,
				BEB77CCD1D0B74F600281E21 /* Main.storyboard in Resources */,
				BE4F0AEE1DADA85A002027D0 /* InvitationView.xib in Resources */,
			);
			runOnlyForDeploymentPostprocessing = 0;
		};
		BEB77CD61D0B74F600281E21 /* Resources */ = {
			isa = PBXResourcesBuildPhase;
			buildActionMask = 2147483647;
			files = (
			);
			runOnlyForDeploymentPostprocessing = 0;
		};
		BEB77CE11D0B74F600281E21 /* Resources */ = {
			isa = PBXResourcesBuildPhase;
			buildActionMask = 2147483647;
			files = (
			);
			runOnlyForDeploymentPostprocessing = 0;
		};
/* End PBXResourcesBuildPhase section */

/* Begin PBXShellScriptBuildPhase section */
		73017055207677F17F3701B1 /* [CP] Embed Pods Frameworks */ = {
			isa = PBXShellScriptBuildPhase;
			buildActionMask = 2147483647;
			files = (
			);
			inputPaths = (
			);
			name = "[CP] Embed Pods Frameworks";
			outputPaths = (
			);
			runOnlyForDeploymentPostprocessing = 0;
			shellPath = /bin/sh;
			shellScript = "\"${SRCROOT}/Pods/Target Support Files/Pods-TinCan Chat/Pods-TinCan Chat-frameworks.sh\"\n";
			showEnvVarsInLog = 0;
		};
		C128C85E84A0B1BDD63A317E /* [CP] Copy Pods Resources */ = {
			isa = PBXShellScriptBuildPhase;
			buildActionMask = 2147483647;
			files = (
			);
			inputPaths = (
			);
			name = "[CP] Copy Pods Resources";
			outputPaths = (
			);
			runOnlyForDeploymentPostprocessing = 0;
			shellPath = /bin/sh;
			shellScript = "\"${SRCROOT}/Pods/Target Support Files/Pods-TinCan Chat/Pods-TinCan Chat-resources.sh\"\n";
			showEnvVarsInLog = 0;
		};
		C75A3B82F2F79FA4EB11EA1C /* [CP] Check Pods Manifest.lock */ = {
			isa = PBXShellScriptBuildPhase;
			buildActionMask = 2147483647;
			files = (
			);
			inputPaths = (
			);
			name = "[CP] Check Pods Manifest.lock";
			outputPaths = (
			);
			runOnlyForDeploymentPostprocessing = 0;
			shellPath = /bin/sh;
			shellScript = "diff \"${PODS_ROOT}/../Podfile.lock\" \"${PODS_ROOT}/Manifest.lock\" > /dev/null\nif [ $? != 0 ] ; then\n    # print error to STDERR\n    echo \"error: The sandbox is not in sync with the Podfile.lock. Run 'pod install' or update your CocoaPods installation.\" >&2\n    exit 1\nfi\n";
			showEnvVarsInLog = 0;
		};
/* End PBXShellScriptBuildPhase section */

/* Begin PBXSourcesBuildPhase section */
		BEB77CBE1D0B74F600281E21 /* Sources */ = {
			isa = PBXSourcesBuildPhase;
			buildActionMask = 2147483647;
			files = (
				BEB8E3B51D0D1FF700ED0A15 /* MCManager.swift in Sources */,
				BE9B64601DAEF902009739EE /* BrowserTableExtension.swift in Sources */,
				BEB8E3AE1D0D1A3A00ED0A15 /* ChatMessage.swift in Sources */,
				BE277BE21D0B780D00288067 /* SettingViewController.swift in Sources */,
				BEA682F01DB734D4009CA81E /* MCStoredValue.swift in Sources */,
				BEB8E3B31D0D1C0700ED0A15 /* CoreDataStackManager.swift in Sources */,
				BE9B645C1DAEE274009739EE /* ChatRecordTableViewExtension.swift in Sources */,
				BEB8E3A71D0D187F00ED0A15 /* BrowserViewController.swift in Sources */,
				BE4F0AF01DADA88A002027D0 /* InvitationView.swift in Sources */,
				BE4F0AEC1DAD876F002027D0 /* MCMangerExtension.swift in Sources */,
				BEEF60BB1D1CBB9E0094AF49 /* JSQChatViewController.swift in Sources */,
				BEE68EC31D0D329F00ECD89F /* PeerCell.swift in Sources */,
				BEB8E3A51D0D168E00ED0A15 /* ChatRecordViewController.swift in Sources */,
				BEB8E3AC1D0D1A2A00ED0A15 /* ChatPeer.swift in Sources */,
				BE45354E1D0E77090042E28D /* ConvenientView.swift in Sources */,
				BE83D84F1D0F62C300C4532B /* KeyboardConfig.swift in Sources */,
				BE83D84B1D0F5CEE00C4532B /* ChatSentMessageCell.swift in Sources */,
				BE9B645A1DAED702009739EE /* ChatRecordCoreDataExtension.swift in Sources */,
				BEB8E3B11D0D1A5000ED0A15 /* Model.xcdatamodeld in Sources */,
				BE83D8491D0F59E200C4532B /* ChatViewController.swift in Sources */,
				BE83D84D1D0F5D1300C4532B /* ChatReceivedMessageCell.swift in Sources */,
				BEB77CC61D0B74F600281E21 /* AppDelegate.swift in Sources */,
			);
			runOnlyForDeploymentPostprocessing = 0;
		};
		BEB77CD41D0B74F600281E21 /* Sources */ = {
			isa = PBXSourcesBuildPhase;
			buildActionMask = 2147483647;
			files = (
				BEB77CDD1D0B74F600281E21 /* TinCan_ChatTests.swift in Sources */,
			);
			runOnlyForDeploymentPostprocessing = 0;
		};
		BEB77CDF1D0B74F600281E21 /* Sources */ = {
			isa = PBXSourcesBuildPhase;
			buildActionMask = 2147483647;
			files = (
				BEB77CE81D0B74F600281E21 /* TinCan_ChatUITests.swift in Sources */,
			);
			runOnlyForDeploymentPostprocessing = 0;
		};
/* End PBXSourcesBuildPhase section */

/* Begin PBXTargetDependency section */
		BEB77CDA1D0B74F600281E21 /* PBXTargetDependency */ = {
			isa = PBXTargetDependency;
			target = BEB77CC11D0B74F600281E21 /* TinCan Chat */;
			targetProxy = BEB77CD91D0B74F600281E21 /* PBXContainerItemProxy */;
		};
		BEB77CE51D0B74F600281E21 /* PBXTargetDependency */ = {
			isa = PBXTargetDependency;
			target = BEB77CC11D0B74F600281E21 /* TinCan Chat */;
			targetProxy = BEB77CE41D0B74F600281E21 /* PBXContainerItemProxy */;
		};
/* End PBXTargetDependency section */

/* Begin PBXVariantGroup section */
		BEB77CCB1D0B74F600281E21 /* Main.storyboard */ = {
			isa = PBXVariantGroup;
			children = (
				BEB77CCC1D0B74F600281E21 /* Base */,
			);
			name = Main.storyboard;
			sourceTree = "<group>";
		};
		BEB77CD01D0B74F600281E21 /* LaunchScreen.storyboard */ = {
			isa = PBXVariantGroup;
			children = (
				BEB77CD11D0B74F600281E21 /* Base */,
			);
			name = LaunchScreen.storyboard;
			sourceTree = "<group>";
		};
/* End PBXVariantGroup section */

/* Begin XCBuildConfiguration section */
		BEB77CEA1D0B74F600281E21 /* Debug */ = {
			isa = XCBuildConfiguration;
			buildSettings = {
				ALWAYS_SEARCH_USER_PATHS = NO;
				CLANG_ANALYZER_NONNULL = YES;
				CLANG_CXX_LANGUAGE_STANDARD = "gnu++0x";
				CLANG_CXX_LIBRARY = "libc++";
				CLANG_ENABLE_MODULES = YES;
				CLANG_ENABLE_OBJC_ARC = YES;
				CLANG_WARN_BOOL_CONVERSION = YES;
				CLANG_WARN_CONSTANT_CONVERSION = YES;
				CLANG_WARN_DIRECT_OBJC_ISA_USAGE = YES_ERROR;
				CLANG_WARN_EMPTY_BODY = YES;
				CLANG_WARN_ENUM_CONVERSION = YES;
				CLANG_WARN_INFINITE_RECURSION = YES;
				CLANG_WARN_INT_CONVERSION = YES;
				CLANG_WARN_OBJC_ROOT_CLASS = YES_ERROR;
				CLANG_WARN_SUSPICIOUS_MOVE = YES;
				CLANG_WARN_UNREACHABLE_CODE = YES;
				CLANG_WARN__DUPLICATE_METHOD_MATCH = YES;
				"CODE_SIGN_IDENTITY[sdk=iphoneos*]" = "iPhone Developer";
				COPY_PHASE_STRIP = NO;
				DEBUG_INFORMATION_FORMAT = dwarf;
				ENABLE_STRICT_OBJC_MSGSEND = YES;
				ENABLE_TESTABILITY = YES;
				GCC_C_LANGUAGE_STANDARD = gnu99;
				GCC_DYNAMIC_NO_PIC = NO;
				GCC_NO_COMMON_BLOCKS = YES;
				GCC_OPTIMIZATION_LEVEL = 0;
				GCC_PREPROCESSOR_DEFINITIONS = (
					"DEBUG=1",
					"$(inherited)",
				);
				GCC_WARN_64_TO_32_BIT_CONVERSION = YES;
				GCC_WARN_ABOUT_RETURN_TYPE = YES_ERROR;
				GCC_WARN_UNDECLARED_SELECTOR = YES;
				GCC_WARN_UNINITIALIZED_AUTOS = YES_AGGRESSIVE;
				GCC_WARN_UNUSED_FUNCTION = YES;
				GCC_WARN_UNUSED_VARIABLE = YES;
				IPHONEOS_DEPLOYMENT_TARGET = 9.3;
				MTL_ENABLE_DEBUG_INFO = YES;
				ONLY_ACTIVE_ARCH = YES;
				SDKROOT = iphoneos;
				SWIFT_OPTIMIZATION_LEVEL = "-Onone";
			};
			name = Debug;
		};
		BEB77CEB1D0B74F600281E21 /* Release */ = {
			isa = XCBuildConfiguration;
			buildSettings = {
				ALWAYS_SEARCH_USER_PATHS = NO;
				CLANG_ANALYZER_NONNULL = YES;
				CLANG_CXX_LANGUAGE_STANDARD = "gnu++0x";
				CLANG_CXX_LIBRARY = "libc++";
				CLANG_ENABLE_MODULES = YES;
				CLANG_ENABLE_OBJC_ARC = YES;
				CLANG_WARN_BOOL_CONVERSION = YES;
				CLANG_WARN_CONSTANT_CONVERSION = YES;
				CLANG_WARN_DIRECT_OBJC_ISA_USAGE = YES_ERROR;
				CLANG_WARN_EMPTY_BODY = YES;
				CLANG_WARN_ENUM_CONVERSION = YES;
				CLANG_WARN_INFINITE_RECURSION = YES;
				CLANG_WARN_INT_CONVERSION = YES;
				CLANG_WARN_OBJC_ROOT_CLASS = YES_ERROR;
				CLANG_WARN_SUSPICIOUS_MOVE = YES;
				CLANG_WARN_UNREACHABLE_CODE = YES;
				CLANG_WARN__DUPLICATE_METHOD_MATCH = YES;
				"CODE_SIGN_IDENTITY[sdk=iphoneos*]" = "iPhone Developer";
				COPY_PHASE_STRIP = NO;
				DEBUG_INFORMATION_FORMAT = "dwarf-with-dsym";
				ENABLE_NS_ASSERTIONS = NO;
				ENABLE_STRICT_OBJC_MSGSEND = YES;
				GCC_C_LANGUAGE_STANDARD = gnu99;
				GCC_NO_COMMON_BLOCKS = YES;
				GCC_WARN_64_TO_32_BIT_CONVERSION = YES;
				GCC_WARN_ABOUT_RETURN_TYPE = YES_ERROR;
				GCC_WARN_UNDECLARED_SELECTOR = YES;
				GCC_WARN_UNINITIALIZED_AUTOS = YES_AGGRESSIVE;
				GCC_WARN_UNUSED_FUNCTION = YES;
				GCC_WARN_UNUSED_VARIABLE = YES;
				IPHONEOS_DEPLOYMENT_TARGET = 9.3;
				MTL_ENABLE_DEBUG_INFO = NO;
				SDKROOT = iphoneos;
				SWIFT_OPTIMIZATION_LEVEL = "-Owholemodule";
				VALIDATE_PRODUCT = YES;
			};
			name = Release;
		};
		BEB77CED1D0B74F600281E21 /* Debug */ = {
			isa = XCBuildConfiguration;
			baseConfigurationReference = 12518B647D99FAF0E3D1D864 /* Pods-TinCan Chat.debug.xcconfig */;
			buildSettings = {
				ASSETCATALOG_COMPILER_APPICON_NAME = AppIcon;
				CODE_SIGN_IDENTITY = "iPhone Developer";
				"CODE_SIGN_IDENTITY[sdk=iphoneos*]" = "iPhone Developer";
				INFOPLIST_FILE = "TinCan Chat/Info.plist";
				IPHONEOS_DEPLOYMENT_TARGET = 8.0;
				LD_RUNPATH_SEARCH_PATHS = "$(inherited) @executable_path/Frameworks";
				PRODUCT_BUNDLE_IDENTIFIER = com.swiftyl.TinCanChat;
				PRODUCT_NAME = "$(TARGET_NAME)";
				PROVISIONING_PROFILE = "";
				SWIFT_VERSION = 2.3;
				TARGETED_DEVICE_FAMILY = 1;
			};
			name = Debug;
		};
		BEB77CEE1D0B74F600281E21 /* Release */ = {
			isa = XCBuildConfiguration;
			baseConfigurationReference = 038E75728C47D7251F9B4A90 /* Pods-TinCan Chat.release.xcconfig */;
			buildSettings = {
				ASSETCATALOG_COMPILER_APPICON_NAME = AppIcon;
				CODE_SIGN_IDENTITY = "iPhone Developer";
				"CODE_SIGN_IDENTITY[sdk=iphoneos*]" = "iPhone Developer";
				INFOPLIST_FILE = "TinCan Chat/Info.plist";
				IPHONEOS_DEPLOYMENT_TARGET = 8.0;
				LD_RUNPATH_SEARCH_PATHS = "$(inherited) @executable_path/Frameworks";
				PRODUCT_BUNDLE_IDENTIFIER = com.swiftyl.TinCanChat;
				PRODUCT_NAME = "$(TARGET_NAME)";
				PROVISIONING_PROFILE = "";
				SWIFT_VERSION = 2.3;
				TARGETED_DEVICE_FAMILY = 1;
			};
			name = Release;
		};
		BEB77CF01D0B74F600281E21 /* Debug */ = {
			isa = XCBuildConfiguration;
			buildSettings = {
				BUNDLE_LOADER = "$(TEST_HOST)";
				INFOPLIST_FILE = "TinCan ChatTests/Info.plist";
				LD_RUNPATH_SEARCH_PATHS = "$(inherited) @executable_path/Frameworks @loader_path/Frameworks";
				PRODUCT_BUNDLE_IDENTIFIER = "com.swiftyl.TinCan-ChatTests";
				PRODUCT_NAME = "$(TARGET_NAME)";
				SWIFT_VERSION = 2.3;
				TEST_HOST = "$(BUILT_PRODUCTS_DIR)/TinCan Chat.app/TinCan Chat";
			};
			name = Debug;
		};
		BEB77CF11D0B74F600281E21 /* Release */ = {
			isa = XCBuildConfiguration;
			buildSettings = {
				BUNDLE_LOADER = "$(TEST_HOST)";
				INFOPLIST_FILE = "TinCan ChatTests/Info.plist";
				LD_RUNPATH_SEARCH_PATHS = "$(inherited) @executable_path/Frameworks @loader_path/Frameworks";
				PRODUCT_BUNDLE_IDENTIFIER = "com.swiftyl.TinCan-ChatTests";
				PRODUCT_NAME = "$(TARGET_NAME)";
				SWIFT_VERSION = 2.3;
				TEST_HOST = "$(BUILT_PRODUCTS_DIR)/TinCan Chat.app/TinCan Chat";
			};
			name = Release;
		};
		BEB77CF31D0B74F600281E21 /* Debug */ = {
			isa = XCBuildConfiguration;
			buildSettings = {
				INFOPLIST_FILE = "TinCan ChatUITests/Info.plist";
				LD_RUNPATH_SEARCH_PATHS = "$(inherited) @executable_path/Frameworks @loader_path/Frameworks";
				PRODUCT_BUNDLE_IDENTIFIER = "com.swiftyl.TinCan-ChatUITests";
				PRODUCT_NAME = "$(TARGET_NAME)";
				SWIFT_VERSION = 2.3;
				TEST_TARGET_NAME = "TinCan Chat";
			};
			name = Debug;
		};
		BEB77CF41D0B74F600281E21 /* Release */ = {
			isa = XCBuildConfiguration;
			buildSettings = {
				INFOPLIST_FILE = "TinCan ChatUITests/Info.plist";
				LD_RUNPATH_SEARCH_PATHS = "$(inherited) @executable_path/Frameworks @loader_path/Frameworks";
				PRODUCT_BUNDLE_IDENTIFIER = "com.swiftyl.TinCan-ChatUITests";
				PRODUCT_NAME = "$(TARGET_NAME)";
				SWIFT_VERSION = 2.3;
				TEST_TARGET_NAME = "TinCan Chat";
			};
			name = Release;
		};
/* End XCBuildConfiguration section */

/* Begin XCConfigurationList section */
		BEB77CBD1D0B74F600281E21 /* Build configuration list for PBXProject "TinCan Chat" */ = {
			isa = XCConfigurationList;
			buildConfigurations = (
				BEB77CEA1D0B74F600281E21 /* Debug */,
				BEB77CEB1D0B74F600281E21 /* Release */,
			);
			defaultConfigurationIsVisible = 0;
			defaultConfigurationName = Release;
		};
		BEB77CEC1D0B74F600281E21 /* Build configuration list for PBXNativeTarget "TinCan Chat" */ = {
			isa = XCConfigurationList;
			buildConfigurations = (
				BEB77CED1D0B74F600281E21 /* Debug */,
				BEB77CEE1D0B74F600281E21 /* Release */,
			);
			defaultConfigurationIsVisible = 0;
			defaultConfigurationName = Release;
		};
		BEB77CEF1D0B74F600281E21 /* Build configuration list for PBXNativeTarget "TinCan ChatTests" */ = {
			isa = XCConfigurationList;
			buildConfigurations = (
				BEB77CF01D0B74F600281E21 /* Debug */,
				BEB77CF11D0B74F600281E21 /* Release */,
			);
			defaultConfigurationIsVisible = 0;
			defaultConfigurationName = Release;
		};
		BEB77CF21D0B74F600281E21 /* Build configuration list for PBXNativeTarget "TinCan ChatUITests" */ = {
			isa = XCConfigurationList;
			buildConfigurations = (
				BEB77CF31D0B74F600281E21 /* Debug */,
				BEB77CF41D0B74F600281E21 /* Release */,
			);
			defaultConfigurationIsVisible = 0;
			defaultConfigurationName = Release;
		};
/* End XCConfigurationList section */

/* Begin XCVersionGroup section */
		BEB8E3AF1D0D1A5000ED0A15 /* Model.xcdatamodeld */ = {
			isa = XCVersionGroup;
			children = (
				BEB8E3B01D0D1A5000ED0A15 /* Model.xcdatamodel */,
			);
			currentVersion = BEB8E3B01D0D1A5000ED0A15 /* Model.xcdatamodel */;
			path = Model.xcdatamodeld;
			sourceTree = "<group>";
			versionGroupType = wrapper.xcdatamodel;
		};
/* End XCVersionGroup section */
	};
	rootObject = BEB77CBA1D0B74F600281E21 /* Project object */;
}
